
Microsoft Visual Studio Solution File, Format Version 12.00
# Visual Studio Version 17
VisualStudioVersion = 17.14.36518.9
MinimumVisualStudioVersion = 10.0.40219.1
Project("{9A19103F-16F7-4668-BE54-9A1E7A4F7556}") = "PAKOPointOfSale", "PAKOPointOfSale\PAKOPointOfSale.csproj", "{EC12F2A9-3F5D-4C70-8ABB-0AC7079A96F3}"
EndProject
Project("{2150E333-8FDC-42A3-9474-1A3956D46DE8}") = "Solution Items", "Solution Items", "{84F07F58-28CC-4B84-9FBE-A6B72DE798F0}"
	ProjectSection(SolutionItems) = preProject
		.editorconfig = .editorconfig
	EndProjectSection
EndProject
Global
	GlobalSection(SolutionConfigurationPlatforms) = preSolution
		Debug|Any CPU = Debug|Any CPU
		Release|Any CPU = Release|Any CPU
	EndGlobalSection
	GlobalSection(ProjectConfigurationPlatforms) = postSolution
		{EC12F2A9-3F5D-4C70-8ABB-0AC7079A96F3}.Debug|Any CPU.ActiveCfg = Debug|Any CPU
		{EC12F2A9-3F5D-4C70-8ABB-0AC7079A96F3}.Debug|Any CPU.Build.0 = Debug|Any CPU
		{EC12F2A9-3F5D-4C70-8ABB-0AC7079A96F3}.Release|Any CPU.ActiveCfg = Release|Any CPU
		{EC12F2A9-3F5D-4C70-8ABB-0AC7079A96F3}.Release|Any CPU.Build.0 = Release|Any CPU
	EndGlobalSection
	GlobalSection(SolutionProperties) = preSolution
		HideSolutionNode = FALSE
	EndGlobalSection
	GlobalSection(ExtensibilityGlobals) = postSolution
		SolutionGuid = {831A7759-02BD-496E-80A0-533BDE37D701}
	EndGlobalSection
EndGlobal
