
Microsoft Visual Studio Solution File, Format Version 12.00
# Visual Studio Version 17
VisualStudioVersion = 17.14.36518.9 d17.14
MinimumVisualStudioVersion = 10.0.40219.1
Project("{FAE04EC0-301F-11D3-BF4B-00C04F79EFBC}") = "PAKOPointOfSale", "PAKOPointOfSale\PAKOPointOfSale.csproj", "{EC12F2A9-3F5D-4C70-8ABB-0AC7079A96F3}"
EndProject
Global
	GlobalSection(SolutionConfigurationPlatforms) = preSolution
		Debug|Any CPU = Debug|Any CPU
		Release|Any CPU = Release|Any CPU
	EndGlobalSection
	GlobalSection(ProjectConfigurationPlatforms) = postSolution
		{EC12F2A9-3F5D-4C70-8ABB-0AC7079A96F3}.Debug|Any CPU.ActiveCfg = Debug|Any CPU
		{EC12F2A9-3F5D-4C70-8ABB-0AC7079A96F3}.Debug|Any CPU.Build.0 = Debug|Any CPU
		{EC12F2A9-3F5D-4C70-8ABB-0AC7079A96F3}.Release|Any CPU.ActiveCfg = Release|Any CPU
		{EC12F2A9-3F5D-4C70-8ABB-0AC7079A96F3}.Release|Any CPU.Build.0 = Release|Any CPU
	EndGlobalSection
	GlobalSection(SolutionProperties) = preSolution
		HideSolutionNode = FALSE
	EndGlobalSection
	GlobalSection(ExtensibilityGlobals) = postSolution
		SolutionGuid = {831A7759-02BD-496E-80A0-533BDE37D701}
	EndGlobalSection
EndGlobal
